// !$*UTF8*$!
{
	archiveVersion = 1;
	classes = {
	};
	objectVersion = 77;
	objects = {

/* Begin PBXBuildFile section */
		C5359E6F2D49A3F600E2B8E1 /* info.plist in Resources */ = {isa = PBXBuildFile; fileRef = C5359E6E2D49A3EA00E2B8E1 /* info.plist */; };
/* End PBXBuildFile section */

/* Begin PBXBuildRule section */
		C5359E6B2D49A25500E2B8E1 /* PBXBuildRule */ = {
			isa = PBXBuildRule;
			compilerSpec = com.apple.compilers.proxy.script;
			dependencyFile = "$(DERIVED_FILES_DIR)/$(INPUT_FILE_PATH).d";
			fileType = folder.rkassets;
			inputFiles = (
			);
			isEditable = 1;
			outputFiles = (
			);
			script = "# realitytool\n";
		};
		C5359E6C2D49A26200E2B8E1 /* PBXBuildRule */ = {
			isa = PBXBuildRule;
			compilerSpec = com.apple.compilers.proxy.script;
			dependencyFile = "$(DERIVED_FILES_DIR)/$(INPUT_FILE_PATH).d";
			fileType = file.bplist;
			inputFiles = (
			);
			isEditable = 1;
			outputFiles = (
			);
			script = "# builtin-copyPlist\n";
		};
		C5359E6D2D49A28E00E2B8E1 /* PBXBuildRule */ = {
			isa = PBXBuildRule;
			compilerSpec = com.apple.compilers.proxy.script;
			fileType = folder.rkassets;
			inputFiles = (
			);
			isEditable = 1;
			outputFiles = (
			);
			script = "# realitytool\n";
		};
/* End PBXBuildRule section */

/* Begin PBXContainerItemProxy section */
		C5359E482D499A4B00E2B8E1 /* PBXContainerItemProxy */ = {
			isa = PBXContainerItemProxy;
			containerPortal = C5359E2F2D499A4A00E2B8E1 /* Project object */;
			proxyType = 1;
			remoteGlobalIDString = C5359E362D499A4A00E2B8E1;
			remoteInfo = MovieS;
		};
		C5359E522D499A4B00E2B8E1 /* PBXContainerItemProxy */ = {
			isa = PBXContainerItemProxy;
			containerPortal = C5359E2F2D499A4A00E2B8E1 /* Project object */;
			proxyType = 1;
			remoteGlobalIDString = C5359E362D499A4A00E2B8E1;
			remoteInfo = MovieS;
		};
/* End PBXContainerItemProxy section */

/* Begin PBXFileReference section */
		C5359E372D499A4A00E2B8E1 /* MovieS.app */ = {isa = PBXFileReference; explicitFileType = wrapper.application; includeInIndex = 0; path = MovieS.app; sourceTree = BUILT_PRODUCTS_DIR; };
		C5359E472D499A4B00E2B8E1 /* MovieSTests.xctest */ = {isa = PBXFileReference; explicitFileType = wrapper.cfbundle; includeInIndex = 0; path = MovieSTests.xctest; sourceTree = BUILT_PRODUCTS_DIR; };
		C5359E512D499A4B00E2B8E1 /* MovieSUITests.xctest */ = {isa = PBXFileReference; explicitFileType = wrapper.cfbundle; includeInIndex = 0; path = MovieSUITests.xctest; sourceTree = BUILT_PRODUCTS_DIR; };
		C5359E6E2D49A3EA00E2B8E1 /* info.plist */ = {isa = PBXFileReference; lastKnownFileType = text.plist; path = info.plist; sourceTree = "<group>"; };
/* End PBXFileReference section */

/* Begin PBXFileSystemSynchronizedRootGroup section */
		C5359E392D499A4A00E2B8E1 /* MovieS */ = {
			isa = PBXFileSystemSynchronizedRootGroup;
			path = MovieS;
			sourceTree = "<group>";
		};
		C5359E4A2D499A4B00E2B8E1 /* MovieSTests */ = {
			isa = PBXFileSystemSynchronizedRootGroup;
			path = MovieSTests;
			sourceTree = "<group>";
		};
		C5359E542D499A4B00E2B8E1 /* MovieSUITests */ = {
			isa = PBXFileSystemSynchronizedRootGroup;
			path = MovieSUITests;
			sourceTree = "<group>";
		};
/* End PBXFileSystemSynchronizedRootGroup section */

/* Begin PBXFrameworksBuildPhase section */
		C5359E342D499A4A00E2B8E1 /* Frameworks */ = {
			isa = PBXFrameworksBuildPhase;
			buildActionMask = 2147483647;
			files = (
			);
			runOnlyForDeploymentPostprocessing = 0;
		};
		C5359E442D499A4B00E2B8E1 /* Frameworks */ = {
			isa = PBXFrameworksBuildPhase;
			buildActionMask = 2147483647;
			files = (
			);
			runOnlyForDeploymentPostprocessing = 0;
		};
		C5359E4E2D499A4B00E2B8E1 /* Frameworks */ = {
			isa = PBXFrameworksBuildPhase;
			buildActionMask = 2147483647;
			files = (
			);
			runOnlyForDeploymentPostprocessing = 0;
		};
/* End PBXFrameworksBuildPhase section */

/* Begin PBXGroup section */
		C5359E2E2D499A4A00E2B8E1 = {
			isa = PBXGroup;
			children = (
				C5359E6E2D49A3EA00E2B8E1 /* info.plist */,
				C5359E392D499A4A00E2B8E1 /* MovieS */,
				C5359E4A2D499A4B00E2B8E1 /* MovieSTests */,
				C5359E542D499A4B00E2B8E1 /* MovieSUITests */,
				C5359E382D499A4A00E2B8E1 /* Products */,
			);
			sourceTree = "<group>";
		};
		C5359E382D499A4A00E2B8E1 /* Products */ = {
			isa = PBXGroup;
			children = (
				C5359E372D499A4A00E2B8E1 /* MovieS.app */,
				C5359E472D499A4B00E2B8E1 /* MovieSTests.xctest */,
				C5359E512D499A4B00E2B8E1 /* MovieSUITests.xctest */,
			);
			name = Products;
			sourceTree = "<group>";
		};
/* End PBXGroup section */

/* Begin PBXNativeTarget section */
		C5359E362D499A4A00E2B8E1 /* MovieS */ = {
			isa = PBXNativeTarget;
			buildConfigurationList = C5359E5B2D499A4B00E2B8E1 /* Build configuration list for PBXNativeTarget "MovieS" */;
			buildPhases = (
				C5359E332D499A4A00E2B8E1 /* Sources */,
				C5359E342D499A4A00E2B8E1 /* Frameworks */,
				C5359E352D499A4A00E2B8E1 /* Resources */,
			);
			buildRules = (
				C5359E6D2D49A28E00E2B8E1 /* PBXBuildRule */,
				C5359E6C2D49A26200E2B8E1 /* PBXBuildRule */,
				C5359E6B2D49A25500E2B8E1 /* PBXBuildRule */,
			);
			dependencies = (
			);
			fileSystemSynchronizedGroups = (
				C5359E392D499A4A00E2B8E1 /* MovieS */,
			);
			name = MovieS;
			packageProductDependencies = (
			);
			productName = MovieS;
			productReference = C5359E372D499A4A00E2B8E1 /* MovieS.app */;
			productType = "com.apple.product-type.application";
		};
		C5359E462D499A4B00E2B8E1 /* MovieSTests */ = {
			isa = PBXNativeTarget;
			buildConfigurationList = C5359E5E2D499A4B00E2B8E1 /* Build configuration list for PBXNativeTarget "MovieSTests" */;
			buildPhases = (
				C5359E432D499A4B00E2B8E1 /* Sources */,
				C5359E442D499A4B00E2B8E1 /* Frameworks */,
				C5359E452D499A4B00E2B8E1 /* Resources */,
			);
			buildRules = (
			);
			dependencies = (
				C5359E492D499A4B00E2B8E1 /* PBXTargetDependency */,
			);
			fileSystemSynchronizedGroups = (
				C5359E4A2D499A4B00E2B8E1 /* MovieSTests */,
			);
			name = MovieSTests;
			packageProductDependencies = (
			);
			productName = MovieSTests;
			productReference = C5359E472D499A4B00E2B8E1 /* MovieSTests.xctest */;
			productType = "com.apple.product-type.bundle.unit-test";
		};
		C5359E502D499A4B00E2B8E1 /* MovieSUITests */ = {
			isa = PBXNativeTarget;
			buildConfigurationList = C5359E612D499A4B00E2B8E1 /* Build configuration list for PBXNativeTarget "MovieSUITests" */;
			buildPhases = (
				C5359E4D2D499A4B00E2B8E1 /* Sources */,
				C5359E4E2D499A4B00E2B8E1 /* Frameworks */,
				C5359E4F2D499A4B00E2B8E1 /* Resources */,
			);
			buildRules = (
			);
			dependencies = (
				C5359E532D499A4B00E2B8E1 /* PBXTargetDependency */,
			);
			fileSystemSynchronizedGroups = (
				C5359E542D499A4B00E2B8E1 /* MovieSUITests */,
			);
			name = MovieSUITests;
			packageProductDependencies = (
			);
			productName = MovieSUITests;
			productReference = C5359E512D499A4B00E2B8E1 /* MovieSUITests.xctest */;
			productType = "com.apple.product-type.bundle.ui-testing";
		};
/* End PBXNativeTarget section */

/* Begin PBXProject section */
		C5359E2F2D499A4A00E2B8E1 /* Project object */ = {
			isa = PBXProject;
			attributes = {
				BuildIndependentTargetsInParallel = 1;
				LastSwiftUpdateCheck = 1620;
				LastUpgradeCheck = 1620;
				TargetAttributes = {
					C5359E362D499A4A00E2B8E1 = {
						CreatedOnToolsVersion = 16.2;
					};
					C5359E462D499A4B00E2B8E1 = {
						CreatedOnToolsVersion = 16.2;
						TestTargetID = C5359E362D499A4A00E2B8E1;
					};
					C5359E502D499A4B00E2B8E1 = {
						CreatedOnToolsVersion = 16.2;
						TestTargetID = C5359E362D499A4A00E2B8E1;
					};
				};
			};
			buildConfigurationList = C5359E322D499A4A00E2B8E1 /* Build configuration list for PBXProject "MovieS" */;
			developmentRegion = en;
			hasScannedForEncodings = 0;
			knownRegions = (
				en,
				Base,
			);
			mainGroup = C5359E2E2D499A4A00E2B8E1;
			minimizedProjectReferenceProxies = 1;
			preferredProjectObjectVersion = 77;
			productRefGroup = C5359E382D499A4A00E2B8E1 /* Products */;
			projectDirPath = "";
			projectRoot = "";
			targets = (
				C5359E362D499A4A00E2B8E1 /* MovieS */,
				C5359E462D499A4B00E2B8E1 /* MovieSTests */,
				C5359E502D499A4B00E2B8E1 /* MovieSUITests */,
			);
		};
/* End PBXProject section */

/* Begin PBXResourcesBuildPhase section */
		C5359E352D499A4A00E2B8E1 /* Resources */ = {
			isa = PBXResourcesBuildPhase;
			buildActionMask = 2147483647;
			files = (
				C5359E6F2D49A3F600E2B8E1 /* info.plist in Resources */,
			);
			runOnlyForDeploymentPostprocessing = 0;
		};
		C5359E452D499A4B00E2B8E1 /* Resources */ = {
			isa = PBXResourcesBuildPhase;
			buildActionMask = 2147483647;
			files = (
			);
			runOnlyForDeploymentPostprocessing = 0;
		};
		C5359E4F2D499A4B00E2B8E1 /* Resources */ = {
			isa = PBXResourcesBuildPhase;
			buildActionMask = 2147483647;
			files = (
			);
			runOnlyForDeploymentPostprocessing = 0;
		};
/* End PBXResourcesBuildPhase section */

/* Begin PBXSourcesBuildPhase section */
		C5359E332D499A4A00E2B8E1 /* Sources */ = {
			isa = PBXSourcesBuildPhase;
			buildActionMask = 2147483647;
			files = (
			);
			runOnlyForDeploymentPostprocessing = 0;
		};
		C5359E432D499A4B00E2B8E1 /* Sources */ = {
			isa = PBXSourcesBuildPhase;
			buildActionMask = 2147483647;
			files = (
			);
			runOnlyForDeploymentPostprocessing = 0;
		};
		C5359E4D2D499A4B00E2B8E1 /* Sources */ = {
			isa = PBXSourcesBuildPhase;
			buildActionMask = 2147483647;
			files = (
			);
			runOnlyForDeploymentPostprocessing = 0;
		};
/* End PBXSourcesBuildPhase section */

/* Begin PBXTargetDependency section */
		C5359E492D499A4B00E2B8E1 /* PBXTargetDependency */ = {
			isa = PBXTargetDependency;
			target = C5359E362D499A4A00E2B8E1 /* MovieS */;
			targetProxy = C5359E482D499A4B00E2B8E1 /* PBXContainerItemProxy */;
		};
		C5359E532D499A4B00E2B8E1 /* PBXTargetDependency */ = {
			isa = PBXTargetDependency;
			target = C5359E362D499A4A00E2B8E1 /* MovieS */;
			targetProxy = C5359E522D499A4B00E2B8E1 /* PBXContainerItemProxy */;
		};
/* End PBXTargetDependency section */

/* Begin XCBuildConfiguration section */
		C5359E592D499A4B00E2B8E1 /* Debug */ = {
			isa = XCBuildConfiguration;
			buildSettings = {
				ALWAYS_SEARCH_USER_PATHS = NO;
				ASSETCATALOG_COMPILER_GENERATE_SWIFT_ASSET_SYMBOL_EXTENSIONS = YES;
				CLANG_ANALYZER_NONNULL = YES;
				CLANG_ANALYZER_NUMBER_OBJECT_CONVERSION = YES_AGGRESSIVE;
				CLANG_CXX_LANGUAGE_STANDARD = "gnu++20";
				CLANG_ENABLE_MODULES = YES;
				CLANG_ENABLE_OBJC_ARC = YES;
				CLANG_ENABLE_OBJC_WEAK = YES;
				CLANG_WARN_BLOCK_CAPTURE_AUTORELEASING = YES;
				CLANG_WARN_BOOL_CONVERSION = YES;
				CLANG_WARN_COMMA = YES;
				CLANG_WARN_CONSTANT_CONVERSION = YES;
				CLANG_WARN_DEPRECATED_OBJC_IMPLEMENTATIONS = YES;
				CLANG_WARN_DIRECT_OBJC_ISA_USAGE = YES_ERROR;
				CLANG_WARN_DOCUMENTATION_COMMENTS = YES;
				CLANG_WARN_EMPTY_BODY = YES;
				CLANG_WARN_ENUM_CONVERSION = YES;
				CLANG_WARN_INFINITE_RECURSION = YES;
				CLANG_WARN_INT_CONVERSION = YES;
				CLANG_WARN_NON_LITERAL_NULL_CONVERSION = YES;
				CLANG_WARN_OBJC_IMPLICIT_RETAIN_SELF = YES;
				CLANG_WARN_OBJC_LITERAL_CONVERSION = YES;
				CLANG_WARN_OBJC_ROOT_CLASS = YES_ERROR;
				CLANG_WARN_QUOTED_INCLUDE_IN_FRAMEWORK_HEADER = YES;
				CLANG_WARN_RANGE_LOOP_ANALYSIS = YES;
				CLANG_WARN_STRICT_PROTOTYPES = YES;
				CLANG_WARN_SUSPICIOUS_MOVE = YES;
				CLANG_WARN_UNGUARDED_AVAILABILITY = YES_AGGRESSIVE;
				CLANG_WARN_UNREACHABLE_CODE = YES;
				CLANG_WARN__DUPLICATE_METHOD_MATCH = YES;
				COPY_PHASE_STRIP = NO;
				DEBUG_INFORMATION_FORMAT = dwarf;
				ENABLE_STRICT_OBJC_MSGSEND = YES;
				ENABLE_TESTABILITY = YES;
				ENABLE_USER_SCRIPT_SANDBOXING = YES;
				GCC_C_LANGUAGE_STANDARD = gnu17;
				GCC_DYNAMIC_NO_PIC = NO;
				GCC_NO_COMMON_BLOCKS = YES;
				GCC_OPTIMIZATION_LEVEL = 0;
				GCC_PREPROCESSOR_DEFINITIONS = (
					"DEBUG=1",
					"$(inherited)",
				);
				GCC_WARN_64_TO_32_BIT_CONVERSION = YES;
				GCC_WARN_ABOUT_RETURN_TYPE = YES_ERROR;
				GCC_WARN_UNDECLARED_SELECTOR = YES;
				GCC_WARN_UNINITIALIZED_AUTOS = YES_AGGRESSIVE;
				GCC_WARN_UNUSED_FUNCTION = YES;
				GCC_WARN_UNUSED_VARIABLE = YES;
				IPHONEOS_DEPLOYMENT_TARGET = 18.2;
				LOCALIZATION_PREFERS_STRING_CATALOGS = YES;
				MTL_ENABLE_DEBUG_INFO = INCLUDE_SOURCE;
				MTL_FAST_MATH = YES;
				ONLY_ACTIVE_ARCH = YES;
				SDKROOT = iphoneos;
				SWIFT_ACTIVE_COMPILATION_CONDITIONS = "DEBUG $(inherited)";
				SWIFT_OPTIMIZATION_LEVEL = "-Onone";
			};
			name = Debug;
		};
		C5359E5A2D499A4B00E2B8E1 /* Release */ = {
			isa = XCBuildConfiguration;
			buildSettings = {
				ALWAYS_SEARCH_USER_PATHS = NO;
				ASSETCATALOG_COMPILER_GENERATE_SWIFT_ASSET_SYMBOL_EXTENSIONS = YES;
				CLANG_ANALYZER_NONNULL = YES;
				CLANG_ANALYZER_NUMBER_OBJECT_CONVERSION = YES_AGGRESSIVE;
				CLANG_CXX_LANGUAGE_STANDARD = "gnu++20";
				CLANG_ENABLE_MODULES = YES;
				CLANG_ENABLE_OBJC_ARC = YES;
				CLANG_ENABLE_OBJC_WEAK = YES;
				CLANG_WARN_BLOCK_CAPTURE_AUTORELEASING = YES;
				CLANG_WARN_BOOL_CONVERSION = YES;
				CLANG_WARN_COMMA = YES;
				CLANG_WARN_CONSTANT_CONVERSION = YES;
				CLANG_WARN_DEPRECATED_OBJC_IMPLEMENTATIONS = YES;
				CLANG_WARN_DIRECT_OBJC_ISA_USAGE = YES_ERROR;
				CLANG_WARN_DOCUMENTATION_COMMENTS = YES;
				CLANG_WARN_EMPTY_BODY = YES;
				CLANG_WARN_ENUM_CONVERSION = YES;
				CLANG_WARN_INFINITE_RECURSION = YES;
				CLANG_WARN_INT_CONVERSION = YES;
				CLANG_WARN_NON_LITERAL_NULL_CONVERSION = YES;
				CLANG_WARN_OBJC_IMPLICIT_RETAIN_SELF = YES;
				CLANG_WARN_OBJC_LITERAL_CONVERSION = YES;
				CLANG_WARN_OBJC_ROOT_CLASS = YES_ERROR;
				CLANG_WARN_QUOTED_INCLUDE_IN_FRAMEWORK_HEADER = YES;
				CLANG_WARN_RANGE_LOOP_ANALYSIS = YES;
				CLANG_WARN_STRICT_PROTOTYPES = YES;
				CLANG_WARN_SUSPICIOUS_MOVE = YES;
				CLANG_WARN_UNGUARDED_AVAILABILITY = YES_AGGRESSIVE;
				CLANG_WARN_UNREACHABLE_CODE = YES;
				CLANG_WARN__DUPLICATE_METHOD_MATCH = YES;
				COPY_PHASE_STRIP = NO;
				DEBUG_INFORMATION_FORMAT = "dwarf-with-dsym";
				ENABLE_NS_ASSERTIONS = NO;
				ENABLE_STRICT_OBJC_MSGSEND = YES;
				ENABLE_USER_SCRIPT_SANDBOXING = YES;
				GCC_C_LANGUAGE_STANDARD = gnu17;
				GCC_NO_COMMON_BLOCKS = YES;
				GCC_WARN_64_TO_32_BIT_CONVERSION = YES;
				GCC_WARN_ABOUT_RETURN_TYPE = YES_ERROR;
				GCC_WARN_UNDECLARED_SELECTOR = YES;
				GCC_WARN_UNINITIALIZED_AUTOS = YES_AGGRESSIVE;
				GCC_WARN_UNUSED_FUNCTION = YES;
				GCC_WARN_UNUSED_VARIABLE = YES;
				IPHONEOS_DEPLOYMENT_TARGET = 18.2;
				LOCALIZATION_PREFERS_STRING_CATALOGS = YES;
				MTL_ENABLE_DEBUG_INFO = NO;
				MTL_FAST_MATH = YES;
				SDKROOT = iphoneos;
				SWIFT_COMPILATION_MODE = wholemodule;
				VALIDATE_PRODUCT = YES;
			};
			name = Release;
		};
		C5359E5C2D499A4B00E2B8E1 /* Debug */ = {
			isa = XCBuildConfiguration;
			buildSettings = {
				ASSETCATALOG_COMPILER_APPICON_NAME = AppIcon;
				ASSETCATALOG_COMPILER_GLOBAL_ACCENT_COLOR_NAME = AccentColor;
				ASSETCATALOG_COMPILER_INCLUDE_ALL_APPICON_ASSETS = YES;
				CODE_SIGN_STYLE = Automatic;
				CURRENT_PROJECT_VERSION = 1;
				DEVELOPMENT_ASSET_PATHS = "\"MovieS/Preview Content\"";
				ENABLE_PREVIEWS = YES;
				GENERATE_INFOPLIST_FILE = YES;
				INFOPLIST_KEY_CFBundleDisplayName = MoviesS;
				INFOPLIST_KEY_UIApplicationSceneManifest_Generation = YES;
				INFOPLIST_KEY_UIApplicationSupportsIndirectInputEvents = YES;
				INFOPLIST_KEY_UILaunchScreen_Generation = YES;
				INFOPLIST_KEY_UIStatusBarStyle = "";
				INFOPLIST_KEY_UISupportedInterfaceOrientations_iPad = "UIInterfaceOrientationPortrait UIInterfaceOrientationPortraitUpsideDown UIInterfaceOrientationLandscapeLeft UIInterfaceOrientationLandscapeRight";
				INFOPLIST_KEY_UISupportedInterfaceOrientations_iPhone = "UIInterfaceOrientationPortrait UIInterfaceOrientationLandscapeLeft UIInterfaceOrientationLandscapeRight";
				IPHONEOS_DEPLOYMENT_TARGET = 16.6;
				LD_RUNPATH_SEARCH_PATHS = (
					"$(inherited)",
					"@executable_path/Frameworks",
				);
				MARKETING_VERSION = 1.0;
				PRODUCT_BUNDLE_IDENTIFIER = ornellamusso.MovieS;
				PRODUCT_NAME = "$(TARGET_NAME)";
				SWIFT_EMIT_LOC_STRINGS = YES;
				SWIFT_VERSION = 5.0;
				TARGETED_DEVICE_FAMILY = "1,2";
			};
			name = Debug;
		};
		C5359E5D2D499A4B00E2B8E1 /* Release */ = {
			isa = XCBuildConfiguration;
			buildSettings = {
				ASSETCATALOG_COMPILER_APPICON_NAME = AppIcon;
				ASSETCATALOG_COMPILER_GLOBAL_ACCENT_COLOR_NAME = AccentColor;
				ASSETCATALOG_COMPILER_INCLUDE_ALL_APPICON_ASSETS = YES;
				CODE_SIGN_STYLE = Automatic;
				CURRENT_PROJECT_VERSION = 1;
				DEVELOPMENT_ASSET_PATHS = "\"MovieS/Preview Content\"";
				ENABLE_PREVIEWS = YES;
				GENERATE_INFOPLIST_FILE = YES;
				INFOPLIST_KEY_CFBundleDisplayName = MoviesS;
				INFOPLIST_KEY_UIApplicationSceneManifest_Generation = YES;
				INFOPLIST_KEY_UIApplicationSupportsIndirectInputEvents = YES;
				INFOPLIST_KEY_UILaunchScreen_Generation = YES;
				INFOPLIST_KEY_UIStatusBarStyle = "";
				INFOPLIST_KEY_UISupportedInterfaceOrientations_iPad = "UIInterfaceOrientationPortrait UIInterfaceOrientationPortraitUpsideDown UIInterfaceOrientationLandscapeLeft UIInterfaceOrientationLandscapeRight";
				INFOPLIST_KEY_UISupportedInterfaceOrientations_iPhone = "UIInterfaceOrientationPortrait UIInterfaceOrientationLandscapeLeft UIInterfaceOrientationLandscapeRight";
				IPHONEOS_DEPLOYMENT_TARGET = 16.6;
				LD_RUNPATH_SEARCH_PATHS = (
					"$(inherited)",
					"@executable_path/Frameworks",
				);
				MARKETING_VERSION = 1.0;
				PRODUCT_BUNDLE_IDENTIFIER = ornellamusso.MovieS;
				PRODUCT_NAME = "$(TARGET_NAME)";
				SWIFT_EMIT_LOC_STRINGS = YES;
				SWIFT_VERSION = 5.0;
				TARGETED_DEVICE_FAMILY = "1,2";
			};
			name = Release;
		};
		C5359E5F2D499A4B00E2B8E1 /* Debug */ = {
			isa = XCBuildConfiguration;
			buildSettings = {
				BUNDLE_LOADER = "$(TEST_HOST)";
				CODE_SIGN_STYLE = Automatic;
				CURRENT_PROJECT_VERSION = 1;
				GENERATE_INFOPLIST_FILE = YES;
				IPHONEOS_DEPLOYMENT_TARGET = 18.2;
				MARKETING_VERSION = 1.0;
				PRODUCT_BUNDLE_IDENTIFIER = ornellamusso.MovieSTests;
				PRODUCT_NAME = "$(TARGET_NAME)";
				SWIFT_EMIT_LOC_STRINGS = NO;
				SWIFT_VERSION = 5.0;
				TARGETED_DEVICE_FAMILY = "1,2";
				TEST_HOST = "$(BUILT_PRODUCTS_DIR)/MovieS.app/$(BUNDLE_EXECUTABLE_FOLDER_PATH)/MovieS";
			};
			name = Debug;
		};
		C5359E602D499A4B00E2B8E1 /* Release */ = {
			isa = XCBuildConfiguration;
			buildSettings = {
				BUNDLE_LOADER = "$(TEST_HOST)";
				CODE_SIGN_STYLE = Automatic;
				CURRENT_PROJECT_VERSION = 1;
				GENERATE_INFOPLIST_FILE = YES;
				IPHONEOS_DEPLOYMENT_TARGET = 18.2;
				MARKETING_VERSION = 1.0;
				PRODUCT_BUNDLE_IDENTIFIER = ornellamusso.MovieSTests;
				PRODUCT_NAME = "$(TARGET_NAME)";
				SWIFT_EMIT_LOC_STRINGS = NO;
				SWIFT_VERSION = 5.0;
				TARGETED_DEVICE_FAMILY = "1,2";
				TEST_HOST = "$(BUILT_PRODUCTS_DIR)/MovieS.app/$(BUNDLE_EXECUTABLE_FOLDER_PATH)/MovieS";
			};
			name = Release;
		};
		C5359E622D499A4B00E2B8E1 /* Debug */ = {
			isa = XCBuildConfiguration;
			buildSettings = {
				CODE_SIGN_STYLE = Automatic;
				CURRENT_PROJECT_VERSION = 1;
				GENERATE_INFOPLIST_FILE = YES;
				MARKETING_VERSION = 1.0;
				PRODUCT_BUNDLE_IDENTIFIER = ornellamusso.MovieSUITests;
				PRODUCT_NAME = "$(TARGET_NAME)";
				SWIFT_EMIT_LOC_STRINGS = NO;
				SWIFT_VERSION = 5.0;
				TARGETED_DEVICE_FAMILY = "1,2";
				TEST_TARGET_NAME = MovieS;
			};
			name = Debug;
		};
		C5359E632D499A4B00E2B8E1 /* Release */ = {
			isa = XCBuildConfiguration;
			buildSettings = {
				CODE_SIGN_STYLE = Automatic;
				CURRENT_PROJECT_VERSION = 1;
				GENERATE_INFOPLIST_FILE = YES;
				MARKETING_VERSION = 1.0;
				PRODUCT_BUNDLE_IDENTIFIER = ornellamusso.MovieSUITests;
				PRODUCT_NAME = "$(TARGET_NAME)";
				SWIFT_EMIT_LOC_STRINGS = NO;
				SWIFT_VERSION = 5.0;
				TARGETED_DEVICE_FAMILY = "1,2";
				TEST_TARGET_NAME = MovieS;
			};
			name = Release;
		};
/* End XCBuildConfiguration section */

/* Begin XCConfigurationList section */
		C5359E322D499A4A00E2B8E1 /* Build configuration list for PBXProject "MovieS" */ = {
			isa = XCConfigurationList;
			buildConfigurations = (
				C5359E592D499A4B00E2B8E1 /* Debug */,
				C5359E5A2D499A4B00E2B8E1 /* Release */,
			);
			defaultConfigurationIsVisible = 0;
			defaultConfigurationName = Release;
		};
		C5359E5B2D499A4B00E2B8E1 /* Build configuration list for PBXNativeTarget "MovieS" */ = {
			isa = XCConfigurationList;
			buildConfigurations = (
				C5359E5C2D499A4B00E2B8E1 /* Debug */,
				C5359E5D2D499A4B00E2B8E1 /* Release */,
			);
			defaultConfigurationIsVisible = 0;
			defaultConfigurationName = Release;
		};
		C5359E5E2D499A4B00E2B8E1 /* Build configuration list for PBXNativeTarget "MovieSTests" */ = {
			isa = XCConfigurationList;
			buildConfigurations = (
				C5359E5F2D499A4B00E2B8E1 /* Debug */,
				C5359E602D499A4B00E2B8E1 /* Release */,
			);
			defaultConfigurationIsVisible = 0;
			defaultConfigurationName = Release;
		};
		C5359E612D499A4B00E2B8E1 /* Build configuration list for PBXNativeTarget "MovieSUITests" */ = {
			isa = XCConfigurationList;
			buildConfigurations = (
				C5359E622D499A4B00E2B8E1 /* Debug */,
				C5359E632D499A4B00E2B8E1 /* Release */,
			);
			defaultConfigurationIsVisible = 0;
			defaultConfigurationName = Release;
		};
/* End XCConfigurationList section */
	};
	rootObject = C5359E2F2D499A4A00E2B8E1 /* Project object */;
}
